github.com/emmansun/gmsm v0.29.7 h1:BZ4Ket1O5VT8S6bjuJsaJLkyS2m4aSYztKh+TYevz3U=
github.com/emmansun/gmsm v0.29.7/go.mod h1:Yy8xROMUS0Ci7bNwY5TD4owrz+i6Mbw7DZEenJ/v52Y=
golang.org/x/crypto v0.32.0 h1:euUpcYgM8WcP71gNpTqQCn6rC2t6ULUPiOzfWaXVVfc=
golang.org/x/crypto v0.32.0/go.mod h1:ZnnJkOaASj8g0AjIduWNlq2NRxL0PlBrbKVyZ6V/Ugc=
golang.org/x/sys v0.29.0 h1:TPYlXGxvx1MGTn2GiZDhnjPA9wZzZeGKHHmKhHYvgaU=
golang.org/x/sys v0.29.0/go.mod h1:/VUhepiaJMQUp4+oa/7Zr1D23ma6VTLIYjOOTFZPUcA=
